{
  "requires": true,
  "lockfileVersion": 1,
  "dependencies": {
    "feichirensheng": {
      "version": "1.0.0",
      "resolved": "https://registry.npmjs.org/feichirensheng/-/feichirensheng-1.0.0.tgz",
      "integrity": "sha512-FpM7LYfQgjlhNqAGWbdXOs59FBXzYylJMXCReBVL+UUaNHqx6tKNLhuF85CMeucvgJhl5WUhZD5hg1pb11b/ww=="
    }
  }
}
